
Microsoft Visual Studio Solution File, Format Version 12.00
# Visual Studio Version 16
VisualStudioVersion = 16.0.29806.167
MinimumVisualStudioVersion = 10.0.40219.1
Project("{FAE04EC0-301F-11D3-BF4B-00C04F79EFBC}") = "cv3", "cv3\cv3.csproj", "{6FA346AE-F8C9-4111-B9C9-530822DD8DDD}"
EndProject
Global
	GlobalSection(SolutionConfigurationPlatforms) = preSolution
		Debug|Any CPU = Debug|Any CPU
		Release|Any CPU = Release|Any CPU
	EndGlobalSection
	GlobalSection(ProjectConfigurationPlatforms) = postSolution
		{6FA346AE-F8C9-4111-B9C9-530822DD8DDD}.Debug|Any CPU.ActiveCfg = Debug|Any CPU
		{6FA346AE-F8C9-4111-B9C9-530822DD8DDD}.Debug|Any CPU.Build.0 = Debug|Any CPU
		{6FA346AE-F8C9-4111-B9C9-530822DD8DDD}.Release|Any CPU.ActiveCfg = Release|Any CPU
		{6FA346AE-F8C9-4111-B9C9-530822DD8DDD}.Release|Any CPU.Build.0 = Release|Any CPU
	EndGlobalSection
	GlobalSection(SolutionProperties) = preSolution
		HideSolutionNode = FALSE
	EndGlobalSection
	GlobalSection(ExtensibilityGlobals) = postSolution
		SolutionGuid = {0B6809D7-51EC-4EC4-8B89-67CAA17A4B1C}
	EndGlobalSection
EndGlobal
