
Microsoft Visual Studio Solution File, Format Version 12.00
# Visual Studio Version 16
VisualStudioVersion = 16.0.29920.165
MinimumVisualStudioVersion = 10.0.40219.1
Project("{FAE04EC0-301F-11D3-BF4B-00C04F79EFBC}") = "Projekt", "Projekt\Projekt.csproj", "{3BE38B25-937C-40F0-A8FC-E8EF9D23593C}"
EndProject
Global
	GlobalSection(SolutionConfigurationPlatforms) = preSolution
		Debug|Any CPU = Debug|Any CPU
		Release|Any CPU = Release|Any CPU
	EndGlobalSection
	GlobalSection(ProjectConfigurationPlatforms) = postSolution
		{3BE38B25-937C-40F0-A8FC-E8EF9D23593C}.Debug|Any CPU.ActiveCfg = Debug|Any CPU
		{3BE38B25-937C-40F0-A8FC-E8EF9D23593C}.Debug|Any CPU.Build.0 = Debug|Any CPU
		{3BE38B25-937C-40F0-A8FC-E8EF9D23593C}.Release|Any CPU.ActiveCfg = Release|Any CPU
		{3BE38B25-937C-40F0-A8FC-E8EF9D23593C}.Release|Any CPU.Build.0 = Release|Any CPU
	EndGlobalSection
	GlobalSection(SolutionProperties) = preSolution
		HideSolutionNode = FALSE
	EndGlobalSection
	GlobalSection(ExtensibilityGlobals) = postSolution
		SolutionGuid = {8C67F68E-009F-4A0C-BBFA-C06F5D3D91CE}
	EndGlobalSection
EndGlobal
