
Microsoft Visual Studio Solution File, Format Version 12.00
# Visual Studio Version 16
VisualStudioVersion = 16.0.29806.167
MinimumVisualStudioVersion = 10.0.40219.1
Project("{FAE04EC0-301F-11D3-BF4B-00C04F79EFBC}") = "cv2", "cv2\cv2.csproj", "{83042AD9-5EB4-4133-AF09-452C9AC7AE4A}"
EndProject
Project("{FAE04EC0-301F-11D3-BF4B-00C04F79EFBC}") = "MyAdt", "MyAdt\MyAdt.csproj", "{59AFB1B9-2715-4708-8CCD-BE9FB99823A9}"
EndProject
Global
	GlobalSection(SolutionConfigurationPlatforms) = preSolution
		Debug|Any CPU = Debug|Any CPU
		Release|Any CPU = Release|Any CPU
	EndGlobalSection
	GlobalSection(ProjectConfigurationPlatforms) = postSolution
		{83042AD9-5EB4-4133-AF09-452C9AC7AE4A}.Debug|Any CPU.ActiveCfg = Debug|Any CPU
		{83042AD9-5EB4-4133-AF09-452C9AC7AE4A}.Debug|Any CPU.Build.0 = Debug|Any CPU
		{83042AD9-5EB4-4133-AF09-452C9AC7AE4A}.Release|Any CPU.ActiveCfg = Release|Any CPU
		{83042AD9-5EB4-4133-AF09-452C9AC7AE4A}.Release|Any CPU.Build.0 = Release|Any CPU
		{59AFB1B9-2715-4708-8CCD-BE9FB99823A9}.Debug|Any CPU.ActiveCfg = Debug|Any CPU
		{59AFB1B9-2715-4708-8CCD-BE9FB99823A9}.Debug|Any CPU.Build.0 = Debug|Any CPU
		{59AFB1B9-2715-4708-8CCD-BE9FB99823A9}.Release|Any CPU.ActiveCfg = Release|Any CPU
		{59AFB1B9-2715-4708-8CCD-BE9FB99823A9}.Release|Any CPU.Build.0 = Release|Any CPU
	EndGlobalSection
	GlobalSection(SolutionProperties) = preSolution
		HideSolutionNode = FALSE
	EndGlobalSection
	GlobalSection(ExtensibilityGlobals) = postSolution
		SolutionGuid = {2ABDF616-83F4-457A-8D3D-9C36068CE8E3}
	EndGlobalSection
EndGlobal
